{
  "name": "handvision",
  "version": "1.0.0",
  "lockfileVersion": 3,
  "requires": true,
  "packages": {
    "": {
      "name": "handvision",
      "version": "1.0.0",
      "dependencies": {
        "clsx": "latest",
        "lucide-react": "latest",
        "next": "latest",
        "react": "latest",
        "react-dom": "latest"
      },
      "devDependencies": {
        "@eslint/js": "latest",
        "@types/node": "latest",
        "@types/react": "latest",
        "@types/react-dom": "latest",
        "autoprefixer": "latest",
        "eslint": "latest",
        "eslint-config-next": "latest",
        "eslint-plugin-jsx-a11y": "latest",
        "eslint-plugin-react": "latest",
        "eslint-plugin-react-hooks": "latest",
        "globals": "latest",
        "postcss": "latest",
        "tailwindcss": "^3.4.17",
        "typescript": "latest",
        "typescript-eslint": "latest"
      },
      "engines": {
        "node": ">=20.9.0",
        "npm": ">=10.0.0"
      }
    }
  }
}
